
Microsoft Visual Studio Solution File, Format Version 12.00
# Visual Studio Version 17
VisualStudioVersion = 17.0.32014.148
MinimumVisualStudioVersion = 10.0.40219.1
Project("{FAE04EC0-301F-11D3-BF4B-00C04F79EFBC}") = "Nemerle.Core", "Nemerle.Core.csproj", "{7BA639AF-3A6F-4ECF-B83C-8A0027AF7426}"
EndProject
Global
	GlobalSection(SolutionConfigurationPlatforms) = preSolution
		Debug|Any CPU = Debug|Any CPU
		Release|Any CPU = Release|Any CPU
	EndGlobalSection
	GlobalSection(ProjectConfigurationPlatforms) = postSolution
		{7BA639AF-3A6F-4ECF-B83C-8A0027AF7426}.Debug|Any CPU.ActiveCfg = Debug|Any CPU
		{7BA639AF-3A6F-4ECF-B83C-8A0027AF7426}.Debug|Any CPU.Build.0 = Debug|Any CPU
		{7BA639AF-3A6F-4ECF-B83C-8A0027AF7426}.Release|Any CPU.ActiveCfg = Release|Any CPU
		{7BA639AF-3A6F-4ECF-B83C-8A0027AF7426}.Release|Any CPU.Build.0 = Release|Any CPU
	EndGlobalSection
	GlobalSection(SolutionProperties) = preSolution
		HideSolutionNode = FALSE
	EndGlobalSection
	GlobalSection(ExtensibilityGlobals) = postSolution
		SolutionGuid = {4AC4DE53-06A3-4627-8454-CB38BD66245C}
	EndGlobalSection
EndGlobal
